
Microsoft Visual Studio Solution File, Format Version 11.00
# Visual Studio 2010
Project("{FAE04EC0-301F-11D3-BF4B-00C04F79EFBC}") = "Assembly-CSharp", "Assembly-CSharp.csproj", "{334B1D1B-2DCC-81D8-5D13-B27845D49F81}"
EndProject
Global
	GlobalSection(SolutionConfigurationPlatforms) = preSolution
		Debug|Any CPU = Debug|Any CPU
		Release|Any CPU = Release|Any CPU
	EndGlobalSection
	GlobalSection(ProjectConfigurationPlatforms) = postSolution
		{334B1D1B-2DCC-81D8-5D13-B27845D49F81}.Debug|Any CPU.ActiveCfg = Debug|Any CPU
		{334B1D1B-2DCC-81D8-5D13-B27845D49F81}.Debug|Any CPU.Build.0 = Debug|Any CPU
		{334B1D1B-2DCC-81D8-5D13-B27845D49F81}.Release|Any CPU.ActiveCfg = Release|Any CPU
		{334B1D1B-2DCC-81D8-5D13-B27845D49F81}.Release|Any CPU.Build.0 = Release|Any CPU
	EndGlobalSection
	GlobalSection(SolutionProperties) = preSolution
		HideSolutionNode = FALSE
	EndGlobalSection
	GlobalSection(MonoDevelopProperties) = preSolution
		StartupItem = Assembly-CSharp.csproj
	EndGlobalSection
EndGlobal
